PODS:
  - audio_streams (0.0.1):
    - Flutter
  - audioplayers (0.0.1):
    - Flutter
  - camera (0.0.1):
    - Flutter
  - Flutter (1.0.0)
  - mic_stream (0.0.1):
    - Flutter
  - path_provider (0.0.1):
    - Flutter
  - path_provider_macos (0.0.1):
    - Flutter
  - permission (0.0.1):
    - Flutter
  - shared_preferences (0.0.1):
    - Flutter
  - shared_preferences_macos (0.0.1):
    - Flutter
  - shared_preferences_web (0.0.1):
    - Flutter

DEPENDENCIES:
  - audio_streams (from `.symlinks/plugins/audio_streams/ios`)
  - audioplayers (from `.symlinks/plugins/audioplayers/ios`)
  - camera (from `.symlinks/plugins/camera/ios`)
  - Flutter (from `Flutter`)
  - mic_stream (from `.symlinks/plugins/mic_stream/ios`)
  - path_provider (from `.symlinks/plugins/path_provider/ios`)
  - path_provider_macos (from `.symlinks/plugins/path_provider_macos/ios`)
  - permission (from `.symlinks/plugins/permission/ios`)
  - shared_preferences (from `.symlinks/plugins/shared_preferences/ios`)
  - shared_preferences_macos (from `.symlinks/plugins/shared_preferences_macos/ios`)
  - shared_preferences_web (from `.symlinks/plugins/shared_preferences_web/ios`)

EXTERNAL SOURCES:
  audio_streams:
    :path: ".symlinks/plugins/audio_streams/ios"
  audioplayers:
    :path: ".symlinks/plugins/audioplayers/ios"
  camera:
    :path: ".symlinks/plugins/camera/ios"
  Flutter:
    :path: Flutter
  mic_stream:
    :path: ".symlinks/plugins/mic_stream/ios"
  path_provider:
    :path: ".symlinks/plugins/path_provider/ios"
  path_provider_macos:
    :path: ".symlinks/plugins/path_provider_macos/ios"
  permission:
    :path: ".symlinks/plugins/permission/ios"
  shared_preferences:
    :path: ".symlinks/plugins/shared_preferences/ios"
  shared_preferences_macos:
    :path: ".symlinks/plugins/shared_preferences_macos/ios"
  shared_preferences_web:
    :path: ".symlinks/plugins/shared_preferences_web/ios"

SPEC CHECKSUMS:
  audio_streams: 3e9a3fbaccc0bbd3a9a41b6c588ceda99c8d643b
  audioplayers: 84f968cea3f2deab00ec4f8ff53358b3c0b3992c
  camera: 38cc83ae9a5667bb5a71c7d9edaf60a91920fd4e
  Flutter: 0e3d915762c693b495b44d77113d4970485de6ec
  mic_stream: 9e7c9fe19d0d8bd0d273bd5428bbd13cab6f4429
  path_provider: fb74bd0465e96b594bb3b5088ee4a4e7bb1f2a9d
  path_provider_macos: f760a3c5b04357c380e2fddb6f9db6f3015897e0
  permission: 51e2d3a8ef3490da0537667d7f1a6a1c5ba8ec47
  shared_preferences: 430726339841afefe5142b9c1f50cb6bd7793e01
  shared_preferences_macos: f3f29b71ccbb56bf40c9dd6396c9acf15e214087
  shared_preferences_web: 141cce0c3ed1a1c5bf2a0e44f52d31eeb66e5ea9

PODFILE CHECKSUM: 1b66dae606f75376c5f2135a8290850eeb09ae83

COCOAPODS: 1.6.1
